#MicroXplorer Configuration settings - do not modify
ADC1.Channel-0\#ChannelRegularConversion=ADC_CHANNEL_TEMPSENSOR
ADC1.IPParameters=Rank-0\#ChannelRegularConversion,Channel-0\#ChannelRegularConversion,SamplingTime-0\#ChannelRegularConversion,NbrOfConversionFlag,master
ADC1.NbrOfConversionFlag=1
ADC1.Rank-0\#ChannelRegularConversion=1
ADC1.SamplingTime-0\#ChannelRegularConversion=ADC_SAMPLETIME_3CYCLES
ADC1.master=1
Dma.I2C1_RX.3.Channel=DMA_CHANNEL_1
Dma.I2C1_RX.3.Direction=DMA_PERIPH_TO_MEMORY
Dma.I2C1_RX.3.FIFOMode=DMA_FIFOMODE_DISABLE
Dma.I2C1_RX.3.Instance=DMA1_Stream0
Dma.I2C1_RX.3.MemDataAlignment=DMA_MDATAALIGN_BYTE
Dma.I2C1_RX.3.MemInc=DMA_MINC_ENABLE
Dma.I2C1_RX.3.Mode=DMA_NORMAL
Dma.I2C1_RX.3.PeriphDataAlignment=DMA_PDATAALIGN_BYTE
Dma.I2C1_RX.3.PeriphInc=DMA_PINC_DISABLE
Dma.I2C1_RX.3.Priority=DMA_PRIORITY_LOW
Dma.I2C1_RX.3.RequestParameters=Instance,Channel,Direction,PeriphInc,MemInc,PeriphDataAlignment,MemDataAlignment,Mode,Priority,FIFOMode
Dma.I2C1_TX.2.Channel=DMA_CHANNEL_0
Dma.I2C1_TX.2.Direction=DMA_MEMORY_TO_PERIPH
Dma.I2C1_TX.2.FIFOMode=DMA_FIFOMODE_DISABLE
Dma.I2C1_TX.2.Instance=DMA1_Stream1
Dma.I2C1_TX.2.MemDataAlignment=DMA_MDATAALIGN_BYTE
Dma.I2C1_TX.2.MemInc=DMA_MINC_ENABLE
Dma.I2C1_TX.2.Mode=DMA_NORMAL
Dma.I2C1_TX.2.PeriphDataAlignment=DMA_PDATAALIGN_BYTE
Dma.I2C1_TX.2.PeriphInc=DMA_PINC_DISABLE
Dma.I2C1_TX.2.Priority=DMA_PRIORITY_LOW
Dma.I2C1_TX.2.RequestParameters=Instance,Channel,Direction,PeriphInc,MemInc,PeriphDataAlignment,MemDataAlignment,Mode,Priority,FIFOMode
Dma.I2C2_RX.4.Channel=DMA_CHANNEL_7
Dma.I2C2_RX.4.Direction=DMA_PERIPH_TO_MEMORY
Dma.I2C2_RX.4.FIFOMode=DMA_FIFOMODE_DISABLE
Dma.I2C2_RX.4.Instance=DMA1_Stream3
Dma.I2C2_RX.4.MemDataAlignment=DMA_MDATAALIGN_BYTE
Dma.I2C2_RX.4.MemInc=DMA_MINC_ENABLE
Dma.I2C2_RX.4.Mode=DMA_NORMAL
Dma.I2C2_RX.4.PeriphDataAlignment=DMA_PDATAALIGN_BYTE
Dma.I2C2_RX.4.PeriphInc=DMA_PINC_DISABLE
Dma.I2C2_RX.4.Priority=DMA_PRIORITY_LOW
Dma.I2C2_RX.4.RequestParameters=Instance,Channel,Direction,PeriphInc,MemInc,PeriphDataAlignment,MemDataAlignment,Mode,Priority,FIFOMode
Dma.I2C2_TX.5.Channel=DMA_CHANNEL_7
Dma.I2C2_TX.5.Direction=DMA_MEMORY_TO_PERIPH
Dma.I2C2_TX.5.FIFOMode=DMA_FIFOMODE_DISABLE
Dma.I2C2_TX.5.Instance=DMA1_Stream7
Dma.I2C2_TX.5.MemDataAlignment=DMA_MDATAALIGN_BYTE
Dma.I2C2_TX.5.MemInc=DMA_MINC_ENABLE
Dma.I2C2_TX.5.Mode=DMA_NORMAL
Dma.I2C2_TX.5.PeriphDataAlignment=DMA_PDATAALIGN_BYTE
Dma.I2C2_TX.5.PeriphInc=DMA_PINC_DISABLE
Dma.I2C2_TX.5.Priority=DMA_PRIORITY_LOW
Dma.I2C2_TX.5.RequestParameters=Instance,Channel,Direction,PeriphInc,MemInc,PeriphDataAlignment,MemDataAlignment,Mode,Priority,FIFOMode
Dma.I2C3_RX.6.Channel=DMA_CHANNEL_3
Dma.I2C3_RX.6.Direction=DMA_PERIPH_TO_MEMORY
Dma.I2C3_RX.6.FIFOMode=DMA_FIFOMODE_DISABLE
Dma.I2C3_RX.6.Instance=DMA1_Stream2
Dma.I2C3_RX.6.MemDataAlignment=DMA_MDATAALIGN_BYTE
Dma.I2C3_RX.6.MemInc=DMA_MINC_ENABLE
Dma.I2C3_RX.6.Mode=DMA_NORMAL
Dma.I2C3_RX.6.PeriphDataAlignment=DMA_PDATAALIGN_BYTE
Dma.I2C3_RX.6.PeriphInc=DMA_PINC_DISABLE
Dma.I2C3_RX.6.Priority=DMA_PRIORITY_LOW
Dma.I2C3_RX.6.RequestParameters=Instance,Channel,Direction,PeriphInc,MemInc,PeriphDataAlignment,MemDataAlignment,Mode,Priority,FIFOMode
Dma.I2C3_TX.7.Channel=DMA_CHANNEL_3
Dma.I2C3_TX.7.Direction=DMA_MEMORY_TO_PERIPH
Dma.I2C3_TX.7.FIFOMode=DMA_FIFOMODE_DISABLE
Dma.I2C3_TX.7.Instance=DMA1_Stream4
Dma.I2C3_TX.7.MemDataAlignment=DMA_MDATAALIGN_BYTE
Dma.I2C3_TX.7.MemInc=DMA_MINC_ENABLE
Dma.I2C3_TX.7.Mode=DMA_NORMAL
Dma.I2C3_TX.7.PeriphDataAlignment=DMA_PDATAALIGN_BYTE
Dma.I2C3_TX.7.PeriphInc=DMA_PINC_DISABLE
Dma.I2C3_TX.7.Priority=DMA_PRIORITY_LOW
Dma.I2C3_TX.7.RequestParameters=Instance,Channel,Direction,PeriphInc,MemInc,PeriphDataAlignment,MemDataAlignment,Mode,Priority,FIFOMode
Dma.Request0=USART2_TX
Dma.Request1=USART2_RX
Dma.Request2=I2C1_TX
Dma.Request3=I2C1_RX
Dma.Request4=I2C2_RX
Dma.Request5=I2C2_TX
Dma.Request6=I2C3_RX
Dma.Request7=I2C3_TX
Dma.Request8=SPI1_RX
Dma.Request9=SPI1_TX
Dma.RequestsNb=10
Dma.SPI1_RX.8.Channel=DMA_CHANNEL_3
Dma.SPI1_RX.8.Direction=DMA_PERIPH_TO_MEMORY
Dma.SPI1_RX.8.FIFOMode=DMA_FIFOMODE_DISABLE
Dma.SPI1_RX.8.Instance=DMA2_Stream0
Dma.SPI1_RX.8.MemDataAlignment=DMA_MDATAALIGN_BYTE
Dma.SPI1_RX.8.MemInc=DMA_MINC_ENABLE
Dma.SPI1_RX.8.Mode=DMA_NORMAL
Dma.SPI1_RX.8.PeriphDataAlignment=DMA_PDATAALIGN_BYTE
Dma.SPI1_RX.8.PeriphInc=DMA_PINC_DISABLE
Dma.SPI1_RX.8.Priority=DMA_PRIORITY_LOW
Dma.SPI1_RX.8.RequestParameters=Instance,Channel,Direction,PeriphInc,MemInc,PeriphDataAlignment,MemDataAlignment,Mode,Priority,FIFOMode
Dma.SPI1_TX.9.Channel=DMA_CHANNEL_2
Dma.SPI1_TX.9.Direction=DMA_MEMORY_TO_PERIPH
Dma.SPI1_TX.9.FIFOMode=DMA_FIFOMODE_DISABLE
Dma.SPI1_TX.9.Instance=DMA2_Stream2
Dma.SPI1_TX.9.MemDataAlignment=DMA_MDATAALIGN_BYTE
Dma.SPI1_TX.9.MemInc=DMA_MINC_ENABLE
Dma.SPI1_TX.9.Mode=DMA_NORMAL
Dma.SPI1_TX.9.PeriphDataAlignment=DMA_PDATAALIGN_BYTE
Dma.SPI1_TX.9.PeriphInc=DMA_PINC_DISABLE
Dma.SPI1_TX.9.Priority=DMA_PRIORITY_LOW
Dma.SPI1_TX.9.RequestParameters=Instance,Channel,Direction,PeriphInc,MemInc,PeriphDataAlignment,MemDataAlignment,Mode,Priority,FIFOMode
Dma.USART2_RX.1.Channel=DMA_CHANNEL_4
Dma.USART2_RX.1.Direction=DMA_PERIPH_TO_MEMORY
Dma.USART2_RX.1.FIFOMode=DMA_FIFOMODE_DISABLE
Dma.USART2_RX.1.Instance=DMA1_Stream5
Dma.USART2_RX.1.MemDataAlignment=DMA_MDATAALIGN_BYTE
Dma.USART2_RX.1.MemInc=DMA_MINC_ENABLE
Dma.USART2_RX.1.Mode=DMA_NORMAL
Dma.USART2_RX.1.PeriphDataAlignment=DMA_PDATAALIGN_BYTE
Dma.USART2_RX.1.PeriphInc=DMA_PINC_DISABLE
Dma.USART2_RX.1.Priority=DMA_PRIORITY_LOW
Dma.USART2_RX.1.RequestParameters=Instance,Channel,Direction,PeriphInc,MemInc,PeriphDataAlignment,MemDataAlignment,Mode,Priority,FIFOMode
Dma.USART2_TX.0.Channel=DMA_CHANNEL_4
Dma.USART2_TX.0.Direction=DMA_MEMORY_TO_PERIPH
Dma.USART2_TX.0.FIFOMode=DMA_FIFOMODE_DISABLE
Dma.USART2_TX.0.Instance=DMA1_Stream6
Dma.USART2_TX.0.MemDataAlignment=DMA_MDATAALIGN_BYTE
Dma.USART2_TX.0.MemInc=DMA_MINC_ENABLE
Dma.USART2_TX.0.Mode=DMA_NORMAL
Dma.USART2_TX.0.PeriphDataAlignment=DMA_PDATAALIGN_BYTE
Dma.USART2_TX.0.PeriphInc=DMA_PINC_DISABLE
Dma.USART2_TX.0.Priority=DMA_PRIORITY_LOW
Dma.USART2_TX.0.RequestParameters=Instance,Channel,Direction,PeriphInc,MemInc,PeriphDataAlignment,MemDataAlignment,Mode,Priority,FIFOMode
File.Version=5
I2C1.DutyCycle=I2C_DUTYCYCLE_16_9
I2C1.I2C_Mode=I2C_Fast
I2C1.IPParameters=I2C_Mode,DutyCycle
I2C2.DutyCycle=I2C_DUTYCYCLE_16_9
I2C2.I2C_Mode=I2C_Fast
I2C2.IPParameters=I2C_Mode,DutyCycle
I2C3.DutyCycle=I2C_DUTYCYCLE_16_9
I2C3.I2C_Mode=I2C_Fast
I2C3.IPParameters=I2C_Mode,DutyCycle
KeepUserPlacement=false
Mcu.Family=STM32F4
Mcu.IP0=ADC1
Mcu.IP1=CRC
Mcu.IP10=TIM1
Mcu.IP11=TIM2
Mcu.IP12=TIM3
Mcu.IP13=TIM5
Mcu.IP14=USART2
Mcu.IP15=USB_DEVICE
Mcu.IP16=USB_OTG_FS
Mcu.IP2=DMA
Mcu.IP3=I2C1
Mcu.IP4=I2C2
Mcu.IP5=I2C3
Mcu.IP6=IWDG
Mcu.IP7=NVIC
Mcu.IP8=RCC
Mcu.IP9=SPI1
Mcu.IPNb=17
Mcu.Name=STM32F411R(C-E)Tx
Mcu.Package=LQFP64
Mcu.Pin0=PC13-ANTI_TAMP
Mcu.Pin1=PH0 - OSC_IN
Mcu.Pin10=PA3
Mcu.Pin11=PA5
Mcu.Pin12=PA6
Mcu.Pin13=PA7
Mcu.Pin14=PB0
Mcu.Pin15=PB1
Mcu.Pin16=PB2
Mcu.Pin17=PB10
Mcu.Pin18=PB12
Mcu.Pin19=PB13
Mcu.Pin2=PH1 - OSC_OUT
Mcu.Pin20=PB14
Mcu.Pin21=PB15
Mcu.Pin22=PC6
Mcu.Pin23=PC7
Mcu.Pin24=PC8
Mcu.Pin25=PC9
Mcu.Pin26=PA8
Mcu.Pin27=PA9
Mcu.Pin28=PA11
Mcu.Pin29=PA12
Mcu.Pin3=PC0
Mcu.Pin30=PA15
Mcu.Pin31=PC11
Mcu.Pin32=PC12
Mcu.Pin33=PB3
Mcu.Pin34=PB4
Mcu.Pin35=PB5
Mcu.Pin36=PB6
Mcu.Pin37=PB7
Mcu.Pin38=PB8
Mcu.Pin39=PB9
Mcu.Pin4=PC1
Mcu.Pin40=VP_ADC1_TempSens_Input
Mcu.Pin41=VP_CRC_VS_CRC
Mcu.Pin42=VP_IWDG_VS_IWDG
Mcu.Pin43=VP_TIM2_VS_ClockSourceINT
Mcu.Pin44=VP_TIM3_VS_ClockSourceINT
Mcu.Pin45=VP_TIM5_VS_ClockSourceINT
Mcu.Pin46=VP_USB_DEVICE_VS_USB_DEVICE_CDC_FS
Mcu.Pin5=PC2
Mcu.Pin6=PC3
Mcu.Pin7=PA0-WKUP
Mcu.Pin8=PA1
Mcu.Pin9=PA2
Mcu.PinsNb=47
Mcu.UserConstants=
Mcu.UserName=STM32F411RETx
MxCube.Version=4.11.0
MxDb.Version=DB.4.0.110
NVIC.ADC_IRQn=true\:0\:0\:false
NVIC.DMA1_Stream0_IRQn=true\:0\:0\:false
NVIC.DMA1_Stream1_IRQn=true\:0\:0\:false
NVIC.DMA1_Stream2_IRQn=true\:0\:0\:false
NVIC.DMA1_Stream3_IRQn=true\:0\:0\:false
NVIC.DMA1_Stream4_IRQn=true\:0\:0\:false
NVIC.DMA1_Stream5_IRQn=true\:0\:0\:false
NVIC.DMA1_Stream6_IRQn=true\:0\:0\:false
NVIC.DMA1_Stream7_IRQn=true\:0\:0\:false
NVIC.DMA2_Stream0_IRQn=true\:0\:0\:false
NVIC.DMA2_Stream2_IRQn=true\:0\:0\:false
NVIC.I2C1_ER_IRQn=true\:0\:0\:false
NVIC.I2C1_EV_IRQn=true\:0\:0\:false
NVIC.I2C2_ER_IRQn=true\:0\:0\:false
NVIC.I2C2_EV_IRQn=true\:0\:0\:false
NVIC.I2C3_ER_IRQn=true\:0\:0\:false
NVIC.I2C3_EV_IRQn=true\:0\:0\:false
NVIC.OTG_FS_IRQn=true\:0\:0\:false
NVIC.PriorityGroup=NVIC_PRIORITYGROUP_4
NVIC.SPI1_IRQn=true\:0\:0\:false
NVIC.SysTick_IRQn=true\:0\:0\:false
NVIC.USART2_IRQn=true\:0\:0\:false
PA0-WKUP.Locked=true
PA0-WKUP.Signal=S_TIM2_CH1_ETR
PA1.Locked=true
PA1.Signal=S_TIM2_CH2
PA11.Mode=Device_Only
PA11.Signal=USB_OTG_FS_DM
PA12.Mode=Device_Only
PA12.Signal=USB_OTG_FS_DP
PA15.Locked=true
PA15.Signal=GPIO_Input
PA2.Mode=Asynchronous
PA2.Signal=USART2_TX
PA3.Mode=Asynchronous
PA3.Signal=USART2_RX
PA5.Locked=true
PA5.Signal=GPIO_Input
PA6.Locked=true
PA6.Signal=GPIO_Output
PA7.Locked=true
PA7.Signal=GPIO_Output
PA8.Mode=I2C
PA8.Signal=I2C3_SCL
PA9.Mode=Activate_VBUS
PA9.Signal=USB_OTG_FS_VBUS
PB0.Mode=PWM Generation2 CH2N
PB0.Signal=TIM1_CH2N
PB1.Mode=PWM Generation3 CH3N
PB1.Signal=TIM1_CH3N
PB10.Mode=I2C
PB10.Signal=I2C2_SCL
PB12.Locked=true
PB12.Signal=GPIO_Output
PB13.Locked=true
PB13.Signal=GPIO_Output
PB14.Locked=true
PB14.Signal=GPIO_Output
PB15.Locked=true
PB15.Signal=GPIO_Output
PB2.Locked=true
PB2.Signal=GPIO_Output
PB3.Locked=true
PB3.Mode=Full_Duplex_Master
PB3.Signal=SPI1_SCK
PB4.Locked=true
PB4.Mode=Full_Duplex_Master
PB4.Signal=SPI1_MISO
PB5.Locked=true
PB5.Mode=Full_Duplex_Master
PB5.Signal=SPI1_MOSI
PB6.Locked=true
PB6.Mode=I2C
PB6.Signal=I2C1_SCL
PB7.Mode=I2C
PB7.Signal=I2C1_SDA
PB8.Locked=true
PB8.Mode=I2C
PB8.Signal=I2C3_SDA
PB9.Mode=I2C
PB9.Signal=I2C2_SDA
PC0.Signal=ADCx_IN10
PC1.Signal=ADCx_IN11
PC11.Locked=true
PC11.Signal=GPIO_Output
PC12.Locked=true
PC12.Signal=GPIO_Output
PC13-ANTI_TAMP.Locked=true
PC13-ANTI_TAMP.Signal=GPIO_Input
PC2.Signal=ADCx_IN12
PC3.Locked=true
PC3.Signal=GPIO_Output
PC6.Signal=S_TIM3_CH1
PC7.Signal=S_TIM3_CH2
PC8.Locked=true
PC8.Signal=S_TIM3_CH3
PC9.Locked=true
PC9.Signal=S_TIM3_CH4
PCC.Checker=false
PCC.Line=STM32F411
PCC.MCU=STM32F411R(C-E)Tx
PCC.MXVersion=4.11.0
PCC.PartNumber=STM32F411RETx
PCC.Seq0=0
PCC.Series=STM32F4
PCC.Temperature=25
PCC.Vdd=3.6
PH0\ -\ OSC_IN.Mode=HSE-External-Oscillator
PH0\ -\ OSC_IN.Signal=RCC_OSC_IN
PH1\ -\ OSC_OUT.Mode=HSE-External-Oscillator
PH1\ -\ OSC_OUT.Signal=RCC_OSC_OUT
ProjectManager.AskForMigrate=true
ProjectManager.BackupPrevious=false
ProjectManager.CompilerOptimize=2
ProjectManager.ComputerToolchain=false
ProjectManager.CoupleFile=true
ProjectManager.DeletePrevious=true
ProjectManager.DeviceId=STM32F411RETx
ProjectManager.FirmwarePackage=STM32Cube FW_F4 V1.9.0
ProjectManager.FreePins=true
ProjectManager.HalAssertFull=false
ProjectManager.KeepUserCode=false
ProjectManager.LastFirmware=true
ProjectManager.LibraryCopy=1
ProjectManager.ProjectBuild=false
ProjectManager.ProjectFileName=mjmech_gimbal.ioc
ProjectManager.ProjectName=mjmech_gimbal
ProjectManager.TargetToolchain=TrueSTUDIO
ProjectManager.ToolChainLocation=
RCC.48MHZClocksFreq_Value=48000000
RCC.AHBFreq_Value=96000000
RCC.APB1CLKDivider=RCC_HCLK_DIV4
RCC.APB1Freq_Value=24000000
RCC.APB1TimFreq_Value=48000000
RCC.APB2Freq_Value=96000000
RCC.APB2TimFreq_Value=96000000
RCC.CortexFreq_Value=96000000
RCC.EthernetFreq_Value=96000000
RCC.FCLKCortexFreq_Value=96000000
RCC.FamilyName=M
RCC.HCLKFreq_Value=96000000
RCC.HSE_VALUE=8000000
RCC.HSI_VALUE=16000000
RCC.I2SClocksFreq_Value=48000000
RCC.IPParameters=FamilyName,LSE_VALUE,HSI_VALUE,SYSCLKFreq_VALUE,AHBFreq_Value,CortexFreq_Value,APB1Freq_Value,APB2Freq_Value,VCOInputFreq_Value,VCOOutputFreq_Value,PLLCLKFreq_Value,PLLQCLKFreq_Value,VCOInputMFreq_Value,VCOI2SOutputFreq_Value,VcooutputI2S,I2SClocksFreq_Value,HSE_VALUE,RTCHSEDivFreq_Value,LSI_VALUE,RTCFreq_Value,48MHZClocksFreq_Value,SYSCLKSource,HCLKFreq_Value,FCLKCortexFreq_Value,APB1TimFreq_Value,APB2TimFreq_Value,EthernetFreq_Value,MCO2PinFreq_Value,APB1CLKDivider,PLLM
RCC.LSE_VALUE=32768
RCC.LSI_VALUE=32000
RCC.MCO2PinFreq_Value=96000000
RCC.PLLCLKFreq_Value=96000000
RCC.PLLM=8
RCC.PLLQCLKFreq_Value=48000000
RCC.RTCFreq_Value=32000
RCC.RTCHSEDivFreq_Value=4000000
RCC.SYSCLKFreq_VALUE=96000000
RCC.SYSCLKSource=RCC_SYSCLKSOURCE_PLLCLK
RCC.VCOI2SOutputFreq_Value=96000000
RCC.VCOInputFreq_Value=1000000
RCC.VCOInputMFreq_Value=500000
RCC.VCOOutputFreq_Value=192000000
RCC.VcooutputI2S=48000000
SH.ADCx_IN10.0=ADC1_IN10,IN10
SH.ADCx_IN10.ConfNb=1
SH.ADCx_IN11.0=ADC1_IN11,IN11
SH.ADCx_IN11.ConfNb=1
SH.ADCx_IN12.0=ADC1_IN12,IN12
SH.ADCx_IN12.ConfNb=1
SH.S_TIM2_CH1_ETR.0=TIM2_CH1,PWM Generation1 CH1
SH.S_TIM2_CH1_ETR.ConfNb=1
SH.S_TIM2_CH2.0=TIM2_CH2,PWM Generation2 CH2
SH.S_TIM2_CH2.ConfNb=1
SH.S_TIM3_CH1.0=TIM3_CH1,PWM Generation1 CH1
SH.S_TIM3_CH1.ConfNb=1
SH.S_TIM3_CH2.0=TIM3_CH2,PWM Generation2 CH2
SH.S_TIM3_CH2.ConfNb=1
SH.S_TIM3_CH3.0=TIM3_CH3,PWM Generation3 CH3
SH.S_TIM3_CH3.ConfNb=1
SH.S_TIM3_CH4.0=TIM3_CH4,PWM Generation4 CH4
SH.S_TIM3_CH4.ConfNb=1
SPI1.CalculateBaudRate=48.0 MBits/s
SPI1.IPParameters=Mode,CalculateBaudRate
SPI1.Mode=SPI_MODE_MASTER
TIM1.Channel-PWM\ Generation2\ CH2N=TIM_CHANNEL_2
TIM1.Channel-PWM\ Generation3\ CH3N=TIM_CHANNEL_3
TIM1.IPParameters=Channel-PWM Generation2 CH2N,Channel-PWM Generation3 CH3N
TIM2.Channel-PWM\ Generation2\ CH2=TIM_CHANNEL_2
TIM2.IPParameters=Channel-PWM Generation2 CH2
TIM3.Channel-PWM\ Generation2\ CH2=TIM_CHANNEL_2
TIM3.Channel-PWM\ Generation3\ CH3=TIM_CHANNEL_3
TIM3.Channel-PWM\ Generation4\ CH4=TIM_CHANNEL_4
TIM3.IPParameters=Channel-PWM Generation2 CH2,Channel-PWM Generation3 CH3,Channel-PWM Generation4 CH4
TIM5.IPParameters=Prescaler
TIM5.Prescaler=4800
USB_DEVICE.IPParameters=VirtualMode,VirtualModeFS,USBD_HandleTypeDef
USB_DEVICE.USBD_HandleTypeDef=hUsbDeviceFS
USB_DEVICE.VirtualMode=Cdc
USB_DEVICE.VirtualModeFS=Cdc_FS
USB_OTG_FS.IPParameters=VirtualMode
USB_OTG_FS.VirtualMode=Device_Only
VP_ADC1_TempSens_Input.Mode=IN-TempSens
VP_ADC1_TempSens_Input.Signal=ADC1_TempSens_Input
VP_CRC_VS_CRC.Mode=CRC_Activate
VP_CRC_VS_CRC.Signal=CRC_VS_CRC
VP_IWDG_VS_IWDG.Mode=IWDG_Activate
VP_IWDG_VS_IWDG.Signal=IWDG_VS_IWDG
VP_TIM2_VS_ClockSourceINT.Mode=Internal
VP_TIM2_VS_ClockSourceINT.Signal=TIM2_VS_ClockSourceINT
VP_TIM3_VS_ClockSourceINT.Mode=Internal
VP_TIM3_VS_ClockSourceINT.Signal=TIM3_VS_ClockSourceINT
VP_TIM5_VS_ClockSourceINT.Mode=Internal
VP_TIM5_VS_ClockSourceINT.Signal=TIM5_VS_ClockSourceINT
VP_USB_DEVICE_VS_USB_DEVICE_CDC_FS.Mode=CDC_FS
VP_USB_DEVICE_VS_USB_DEVICE_CDC_FS.Signal=USB_DEVICE_VS_USB_DEVICE_CDC_FS
board=mjmech_gimbal
